// !$*UTF8*$!
{
	archiveVersion = 1;
	classes = {
	};
	objectVersion = 50;
	objects = {

/* Begin PBXBuildFile section */
		BD1ED6FC27CD797000B2529D /* LevenshteinDistance.swift in Sources */ = {isa = PBXBuildFile; fileRef = BD1ED6FB27CD797000B2529D /* LevenshteinDistance.swift */; };
		BD2020AF26FD6A49005FDE90 /* SettingsTableController.swift in Sources */ = {isa = PBXBuildFile; fileRef = BD2020AE26FD6A49005FDE90 /* SettingsTableController.swift */; };
		BD33706D272DF37A007BBD5E /* Database.swift in Sources */ = {isa = PBXBuildFile; fileRef = BD33706C272DF37A007BBD5E /* Database.swift */; };
		BD35AB7227C04282007ADDF5 /* SpeechRecognizer.swift in Sources */ = {isa = PBXBuildFile; fileRef = BD35AB7127C04281007ADDF5 /* SpeechRecognizer.swift */; };
		BD46858C26F1571A00AD1420 /* AppDelegate.swift in Sources */ = {isa = PBXBuildFile; fileRef = BD46858B26F1571A00AD1420 /* AppDelegate.swift */; };
		BD46858E26F1571A00AD1420 /* SceneDelegate.swift in Sources */ = {isa = PBXBuildFile; fileRef = BD46858D26F1571A00AD1420 /* SceneDelegate.swift */; };
		BD46859026F1571A00AD1420 /* ViewController.swift in Sources */ = {isa = PBXBuildFile; fileRef = BD46858F26F1571A00AD1420 /* ViewController.swift */; };
		BD46859326F1571A00AD1420 /* Main.storyboard in Resources */ = {isa = PBXBuildFile; fileRef = BD46859126F1571A00AD1420 /* Main.storyboard */; };
		BD46859526F1571E00AD1420 /* Assets.xcassets in Resources */ = {isa = PBXBuildFile; fileRef = BD46859426F1571E00AD1420 /* Assets.xcassets */; };
		BD46859826F1571E00AD1420 /* LaunchScreen.storyboard in Resources */ = {isa = PBXBuildFile; fileRef = BD46859626F1571E00AD1420 /* LaunchScreen.storyboard */; };
		BD4685A326F1571F00AD1420 /* CityGuideTests.swift in Sources */ = {isa = PBXBuildFile; fileRef = BD4685A226F1571F00AD1420 /* CityGuideTests.swift */; };
		BD4685AE26F1571F00AD1420 /* CityGuideUITests.swift in Sources */ = {isa = PBXBuildFile; fileRef = BD4685AD26F1571F00AD1420 /* CityGuideUITests.swift */; };
		BD7DABB6274F032800DE62A7 /* SearchResultsVC.swift in Sources */ = {isa = PBXBuildFile; fileRef = BD7DABB5274F032800DE62A7 /* SearchResultsVC.swift */; };
		BD81214227977D2400CEE55E /* InstructionGenerator.swift in Sources */ = {isa = PBXBuildFile; fileRef = BD81214127977D2300CEE55E /* InstructionGenerator.swift */; };
		BD926E3227E5283F0071A5A5 /* BeaconScanner.swift in Sources */ = {isa = PBXBuildFile; fileRef = BD926E3127E5283F0071A5A5 /* BeaconScanner.swift */; };
		BD926E3427E529EB0071A5A5 /* DispatchTimer.swift in Sources */ = {isa = PBXBuildFile; fileRef = BD926E3327E529EB0071A5A5 /* DispatchTimer.swift */; };
		BD926E3627E52A3F0071A5A5 /* Eddystone.swift in Sources */ = {isa = PBXBuildFile; fileRef = BD926E3527E52A3F0071A5A5 /* Eddystone.swift */; };
		BDCD6BC7271B3E75006524FA /* Routing.swift in Sources */ = {isa = PBXBuildFile; fileRef = BDCD6BC6271B3E75006524FA /* Routing.swift */; };
		BDEDE69327FB6D3900029FCF /* FloorPlanManipulation.swift in Sources */ = {isa = PBXBuildFile; fileRef = BDEDE69227FB6D3900029FCF /* FloorPlanManipulation.swift */; };
/* End PBXBuildFile section */

/* Begin PBXContainerItemProxy section */
		BD46859F26F1571F00AD1420 /* PBXContainerItemProxy */ = {
			isa = PBXContainerItemProxy;
			containerPortal = BD46858026F1571A00AD1420 /* Project object */;
			proxyType = 1;
			remoteGlobalIDString = BD46858726F1571A00AD1420;
			remoteInfo = CityGuide;
		};
		BD4685AA26F1571F00AD1420 /* PBXContainerItemProxy */ = {
			isa = PBXContainerItemProxy;
			containerPortal = BD46858026F1571A00AD1420 /* Project object */;
			proxyType = 1;
			remoteGlobalIDString = BD46858726F1571A00AD1420;
			remoteInfo = CityGuide;
		};
/* End PBXContainerItemProxy section */

/* Begin PBXFileReference section */
		BD1ED6FB27CD797000B2529D /* LevenshteinDistance.swift */ = {isa = PBXFileReference; lastKnownFileType = sourcecode.swift; path = LevenshteinDistance.swift; sourceTree = "<group>"; };
		BD2020AE26FD6A49005FDE90 /* SettingsTableController.swift */ = {isa = PBXFileReference; lastKnownFileType = sourcecode.swift; path = SettingsTableController.swift; sourceTree = "<group>"; };
		BD33706C272DF37A007BBD5E /* Database.swift */ = {isa = PBXFileReference; lastKnownFileType = sourcecode.swift; path = Database.swift; sourceTree = "<group>"; };
		BD35AB7127C04281007ADDF5 /* SpeechRecognizer.swift */ = {isa = PBXFileReference; lastKnownFileType = sourcecode.swift; path = SpeechRecognizer.swift; sourceTree = "<group>"; };
		BD46858826F1571A00AD1420 /* CityGuide.app */ = {isa = PBXFileReference; explicitFileType = wrapper.application; includeInIndex = 0; path = CityGuide.app; sourceTree = BUILT_PRODUCTS_DIR; };
		BD46858B26F1571A00AD1420 /* AppDelegate.swift */ = {isa = PBXFileReference; lastKnownFileType = sourcecode.swift; path = AppDelegate.swift; sourceTree = "<group>"; };
		BD46858D26F1571A00AD1420 /* SceneDelegate.swift */ = {isa = PBXFileReference; lastKnownFileType = sourcecode.swift; path = SceneDelegate.swift; sourceTree = "<group>"; };
		BD46858F26F1571A00AD1420 /* ViewController.swift */ = {isa = PBXFileReference; lastKnownFileType = sourcecode.swift; path = ViewController.swift; sourceTree = "<group>"; };
		BD46859226F1571A00AD1420 /* Base */ = {isa = PBXFileReference; lastKnownFileType = file.storyboard; name = Base; path = Base.lproj/Main.storyboard; sourceTree = "<group>"; };
		BD46859426F1571E00AD1420 /* Assets.xcassets */ = {isa = PBXFileReference; lastKnownFileType = folder.assetcatalog; path = Assets.xcassets; sourceTree = "<group>"; };
		BD46859726F1571E00AD1420 /* Base */ = {isa = PBXFileReference; lastKnownFileType = file.storyboard; name = Base; path = Base.lproj/LaunchScreen.storyboard; sourceTree = "<group>"; };
		BD46859926F1571E00AD1420 /* Info.plist */ = {isa = PBXFileReference; lastKnownFileType = text.plist.xml; path = Info.plist; sourceTree = "<group>"; };
		BD46859E26F1571F00AD1420 /* CityGuideTests.xctest */ = {isa = PBXFileReference; explicitFileType = wrapper.cfbundle; includeInIndex = 0; path = CityGuideTests.xctest; sourceTree = BUILT_PRODUCTS_DIR; };
		BD4685A226F1571F00AD1420 /* CityGuideTests.swift */ = {isa = PBXFileReference; lastKnownFileType = sourcecode.swift; path = CityGuideTests.swift; sourceTree = "<group>"; };
		BD4685A426F1571F00AD1420 /* Info.plist */ = {isa = PBXFileReference; lastKnownFileType = text.plist.xml; path = Info.plist; sourceTree = "<group>"; };
		BD4685A926F1571F00AD1420 /* CityGuideUITests.xctest */ = {isa = PBXFileReference; explicitFileType = wrapper.cfbundle; includeInIndex = 0; path = CityGuideUITests.xctest; sourceTree = BUILT_PRODUCTS_DIR; };
		BD4685AD26F1571F00AD1420 /* CityGuideUITests.swift */ = {isa = PBXFileReference; lastKnownFileType = sourcecode.swift; path = CityGuideUITests.swift; sourceTree = "<group>"; };
		BD4685AF26F1571F00AD1420 /* Info.plist */ = {isa = PBXFileReference; lastKnownFileType = text.plist.xml; path = Info.plist; sourceTree = "<group>"; };
		BD7DABB5274F032800DE62A7 /* SearchResultsVC.swift */ = {isa = PBXFileReference; lastKnownFileType = sourcecode.swift; path = SearchResultsVC.swift; sourceTree = "<group>"; };
		BD81214127977D2300CEE55E /* InstructionGenerator.swift */ = {isa = PBXFileReference; lastKnownFileType = sourcecode.swift; path = InstructionGenerator.swift; sourceTree = "<group>"; };
		BD926E3127E5283F0071A5A5 /* BeaconScanner.swift */ = {isa = PBXFileReference; lastKnownFileType = sourcecode.swift; path = BeaconScanner.swift; sourceTree = "<group>"; };
		BD926E3327E529EB0071A5A5 /* DispatchTimer.swift */ = {isa = PBXFileReference; lastKnownFileType = sourcecode.swift; path = DispatchTimer.swift; sourceTree = "<group>"; };
		BD926E3527E52A3F0071A5A5 /* Eddystone.swift */ = {isa = PBXFileReference; lastKnownFileType = sourcecode.swift; path = Eddystone.swift; sourceTree = "<group>"; };
		BDCD6BC6271B3E75006524FA /* Routing.swift */ = {isa = PBXFileReference; lastKnownFileType = sourcecode.swift; path = Routing.swift; sourceTree = "<group>"; };
		BDEDE69227FB6D3900029FCF /* FloorPlanManipulation.swift */ = {isa = PBXFileReference; lastKnownFileType = sourcecode.swift; path = FloorPlanManipulation.swift; sourceTree = "<group>"; };
/* End PBXFileReference section */

/* Begin PBXFrameworksBuildPhase section */
		BD46858526F1571A00AD1420 /* Frameworks */ = {
			isa = PBXFrameworksBuildPhase;
			buildActionMask = 2147483647;
			files = (
			);
			runOnlyForDeploymentPostprocessing = 0;
		};
		BD46859B26F1571F00AD1420 /* Frameworks */ = {
			isa = PBXFrameworksBuildPhase;
			buildActionMask = 2147483647;
			files = (
			);
			runOnlyForDeploymentPostprocessing = 0;
		};
		BD4685A626F1571F00AD1420 /* Frameworks */ = {
			isa = PBXFrameworksBuildPhase;
			buildActionMask = 2147483647;
			files = (
			);
			runOnlyForDeploymentPostprocessing = 0;
		};
/* End PBXFrameworksBuildPhase section */

/* Begin PBXGroup section */
		BD46857F26F1571A00AD1420 = {
			isa = PBXGroup;
			children = (
				BD46858A26F1571A00AD1420 /* CityGuide */,
				BD4685A126F1571F00AD1420 /* CityGuideTests */,
				BD4685AC26F1571F00AD1420 /* CityGuideUITests */,
				BD46858926F1571A00AD1420 /* Products */,
			);
			sourceTree = "<group>";
		};
		BD46858926F1571A00AD1420 /* Products */ = {
			isa = PBXGroup;
			children = (
				BD46858826F1571A00AD1420 /* CityGuide.app */,
				BD46859E26F1571F00AD1420 /* CityGuideTests.xctest */,
				BD4685A926F1571F00AD1420 /* CityGuideUITests.xctest */,
			);
			name = Products;
			sourceTree = "<group>";
		};
		BD46858A26F1571A00AD1420 /* CityGuide */ = {
			isa = PBXGroup;
			children = (
				BD46858B26F1571A00AD1420 /* AppDelegate.swift */,
				BD46858D26F1571A00AD1420 /* SceneDelegate.swift */,
				BD46858F26F1571A00AD1420 /* ViewController.swift */,
				BD81214127977D2300CEE55E /* InstructionGenerator.swift */,
				BD2020AE26FD6A49005FDE90 /* SettingsTableController.swift */,
				BD46859126F1571A00AD1420 /* Main.storyboard */,
				BD46859426F1571E00AD1420 /* Assets.xcassets */,
				BD46859626F1571E00AD1420 /* LaunchScreen.storyboard */,
				BD46859926F1571E00AD1420 /* Info.plist */,
				BDCD6BC6271B3E75006524FA /* Routing.swift */,
				BD33706C272DF37A007BBD5E /* Database.swift */,
				BD7DABB5274F032800DE62A7 /* SearchResultsVC.swift */,
				BD35AB7127C04281007ADDF5 /* SpeechRecognizer.swift */,
				BD1ED6FB27CD797000B2529D /* LevenshteinDistance.swift */,
				BD926E3127E5283F0071A5A5 /* BeaconScanner.swift */,
				BD926E3327E529EB0071A5A5 /* DispatchTimer.swift */,
				BD926E3527E52A3F0071A5A5 /* Eddystone.swift */,
				BDEDE69227FB6D3900029FCF /* FloorPlanManipulation.swift */,
			);
			path = CityGuide;
			sourceTree = "<group>";
		};
		BD4685A126F1571F00AD1420 /* CityGuideTests */ = {
			isa = PBXGroup;
			children = (
				BD4685A226F1571F00AD1420 /* CityGuideTests.swift */,
				BD4685A426F1571F00AD1420 /* Info.plist */,
			);
			path = CityGuideTests;
			sourceTree = "<group>";
		};
		BD4685AC26F1571F00AD1420 /* CityGuideUITests */ = {
			isa = PBXGroup;
			children = (
				BD4685AD26F1571F00AD1420 /* CityGuideUITests.swift */,
				BD4685AF26F1571F00AD1420 /* Info.plist */,
			);
			path = CityGuideUITests;
			sourceTree = "<group>";
		};
/* End PBXGroup section */

/* Begin PBXNativeTarget section */
		BD46858726F1571A00AD1420 /* CityGuide */ = {
			isa = PBXNativeTarget;
			buildConfigurationList = BD4685B226F1571F00AD1420 /* Build configuration list for PBXNativeTarget "CityGuide" */;
			buildPhases = (
				BD46858426F1571A00AD1420 /* Sources */,
				BD46858526F1571A00AD1420 /* Frameworks */,
				BD46858626F1571A00AD1420 /* Resources */,
			);
			buildRules = (
			);
			dependencies = (
			);
			name = CityGuide;
			productName = CityGuide;
			productReference = BD46858826F1571A00AD1420 /* CityGuide.app */;
			productType = "com.apple.product-type.application";
		};
		BD46859D26F1571F00AD1420 /* CityGuideTests */ = {
			isa = PBXNativeTarget;
			buildConfigurationList = BD4685B526F1571F00AD1420 /* Build configuration list for PBXNativeTarget "CityGuideTests" */;
			buildPhases = (
				BD46859A26F1571F00AD1420 /* Sources */,
				BD46859B26F1571F00AD1420 /* Frameworks */,
				BD46859C26F1571F00AD1420 /* Resources */,
			);
			buildRules = (
			);
			dependencies = (
				BD4685A026F1571F00AD1420 /* PBXTargetDependency */,
			);
			name = CityGuideTests;
			productName = CityGuideTests;
			productReference = BD46859E26F1571F00AD1420 /* CityGuideTests.xctest */;
			productType = "com.apple.product-type.bundle.unit-test";
		};
		BD4685A826F1571F00AD1420 /* CityGuideUITests */ = {
			isa = PBXNativeTarget;
			buildConfigurationList = BD4685B826F1571F00AD1420 /* Build configuration list for PBXNativeTarget "CityGuideUITests" */;
			buildPhases = (
				BD4685A526F1571F00AD1420 /* Sources */,
				BD4685A626F1571F00AD1420 /* Frameworks */,
				BD4685A726F1571F00AD1420 /* Resources */,
			);
			buildRules = (
			);
			dependencies = (
				BD4685AB26F1571F00AD1420 /* PBXTargetDependency */,
			);
			name = CityGuideUITests;
			productName = CityGuideUITests;
			productReference = BD4685A926F1571F00AD1420 /* CityGuideUITests.xctest */;
			productType = "com.apple.product-type.bundle.ui-testing";
		};
/* End PBXNativeTarget section */

/* Begin PBXProject section */
		BD46858026F1571A00AD1420 /* Project object */ = {
			isa = PBXProject;
			attributes = {
				LastSwiftUpdateCheck = 1250;
				LastUpgradeCheck = 1250;
				TargetAttributes = {
					BD46858726F1571A00AD1420 = {
						CreatedOnToolsVersion = 12.5.1;
					};
					BD46859D26F1571F00AD1420 = {
						CreatedOnToolsVersion = 12.5.1;
						TestTargetID = BD46858726F1571A00AD1420;
					};
					BD4685A826F1571F00AD1420 = {
						CreatedOnToolsVersion = 12.5.1;
						TestTargetID = BD46858726F1571A00AD1420;
					};
				};
			};
			buildConfigurationList = BD46858326F1571A00AD1420 /* Build configuration list for PBXProject "CityGuide" */;
			compatibilityVersion = "Xcode 9.3";
			developmentRegion = en;
			hasScannedForEncodings = 0;
			knownRegions = (
				en,
				Base,
			);
			mainGroup = BD46857F26F1571A00AD1420;
			productRefGroup = BD46858926F1571A00AD1420 /* Products */;
			projectDirPath = "";
			projectRoot = "";
			targets = (
				BD46858726F1571A00AD1420 /* CityGuide */,
				BD46859D26F1571F00AD1420 /* CityGuideTests */,
				BD4685A826F1571F00AD1420 /* CityGuideUITests */,
			);
		};
/* End PBXProject section */

/* Begin PBXResourcesBuildPhase section */
		BD46858626F1571A00AD1420 /* Resources */ = {
			isa = PBXResourcesBuildPhase;
			buildActionMask = 2147483647;
			files = (
				BD46859826F1571E00AD1420 /* LaunchScreen.storyboard in Resources */,
				BD46859526F1571E00AD1420 /* Assets.xcassets in Resources */,
				BD46859326F1571A00AD1420 /* Main.storyboard in Resources */,
			);
			runOnlyForDeploymentPostprocessing = 0;
		};
		BD46859C26F1571F00AD1420 /* Resources */ = {
			isa = PBXResourcesBuildPhase;
			buildActionMask = 2147483647;
			files = (
			);
			runOnlyForDeploymentPostprocessing = 0;
		};
		BD4685A726F1571F00AD1420 /* Resources */ = {
			isa = PBXResourcesBuildPhase;
			buildActionMask = 2147483647;
			files = (
			);
			runOnlyForDeploymentPostprocessing = 0;
		};
/* End PBXResourcesBuildPhase section */

/* Begin PBXSourcesBuildPhase section */
		BD46858426F1571A00AD1420 /* Sources */ = {
			isa = PBXSourcesBuildPhase;
			buildActionMask = 2147483647;
			files = (
				BD7DABB6274F032800DE62A7 /* SearchResultsVC.swift in Sources */,
				BD926E3627E52A3F0071A5A5 /* Eddystone.swift in Sources */,
				BD33706D272DF37A007BBD5E /* Database.swift in Sources */,
				BD46859026F1571A00AD1420 /* ViewController.swift in Sources */,
				BD2020AF26FD6A49005FDE90 /* SettingsTableController.swift in Sources */,
				BD46858C26F1571A00AD1420 /* AppDelegate.swift in Sources */,
				BD35AB7227C04282007ADDF5 /* SpeechRecognizer.swift in Sources */,
				BD1ED6FC27CD797000B2529D /* LevenshteinDistance.swift in Sources */,
				BD926E3427E529EB0071A5A5 /* DispatchTimer.swift in Sources */,
				BD46858E26F1571A00AD1420 /* SceneDelegate.swift in Sources */,
				BD81214227977D2400CEE55E /* InstructionGenerator.swift in Sources */,
				BDCD6BC7271B3E75006524FA /* Routing.swift in Sources */,
				BDEDE69327FB6D3900029FCF /* FloorPlanManipulation.swift in Sources */,
				BD926E3227E5283F0071A5A5 /* BeaconScanner.swift in Sources */,
			);
			runOnlyForDeploymentPostprocessing = 0;
		};
		BD46859A26F1571F00AD1420 /* Sources */ = {
			isa = PBXSourcesBuildPhase;
			buildActionMask = 2147483647;
			files = (
				BD4685A326F1571F00AD1420 /* CityGuideTests.swift in Sources */,
			);
			runOnlyForDeploymentPostprocessing = 0;
		};
		BD4685A526F1571F00AD1420 /* Sources */ = {
			isa = PBXSourcesBuildPhase;
			buildActionMask = 2147483647;
			files = (
				BD4685AE26F1571F00AD1420 /* CityGuideUITests.swift in Sources */,
			);
			runOnlyForDeploymentPostprocessing = 0;
		};
/* End PBXSourcesBuildPhase section */

/* Begin PBXTargetDependency section */
		BD4685A026F1571F00AD1420 /* PBXTargetDependency */ = {
			isa = PBXTargetDependency;
			target = BD46858726F1571A00AD1420 /* CityGuide */;
			targetProxy = BD46859F26F1571F00AD1420 /* PBXContainerItemProxy */;
		};
		BD4685AB26F1571F00AD1420 /* PBXTargetDependency */ = {
			isa = PBXTargetDependency;
			target = BD46858726F1571A00AD1420 /* CityGuide */;
			targetProxy = BD4685AA26F1571F00AD1420 /* PBXContainerItemProxy */;
		};
/* End PBXTargetDependency section */

/* Begin PBXVariantGroup section */
		BD46859126F1571A00AD1420 /* Main.storyboard */ = {
			isa = PBXVariantGroup;
			children = (
				BD46859226F1571A00AD1420 /* Base */,
			);
			name = Main.storyboard;
			sourceTree = "<group>";
		};
		BD46859626F1571E00AD1420 /* LaunchScreen.storyboard */ = {
			isa = PBXVariantGroup;
			children = (
				BD46859726F1571E00AD1420 /* Base */,
			);
			name = LaunchScreen.storyboard;
			sourceTree = "<group>";
		};
/* End PBXVariantGroup section */

/* Begin XCBuildConfiguration section */
		BD4685B026F1571F00AD1420 /* Debug */ = {
			isa = XCBuildConfiguration;
			buildSettings = {
				ALWAYS_SEARCH_USER_PATHS = NO;
				CLANG_ANALYZER_NONNULL = YES;
				CLANG_ANALYZER_NUMBER_OBJECT_CONVERSION = YES_AGGRESSIVE;
				CLANG_CXX_LANGUAGE_STANDARD = "gnu++14";
				CLANG_CXX_LIBRARY = "libc++";
				CLANG_ENABLE_MODULES = YES;
				CLANG_ENABLE_OBJC_ARC = YES;
				CLANG_ENABLE_OBJC_WEAK = YES;
				CLANG_WARN_BLOCK_CAPTURE_AUTORELEASING = YES;
				CLANG_WARN_BOOL_CONVERSION = YES;
				CLANG_WARN_COMMA = YES;
				CLANG_WARN_CONSTANT_CONVERSION = YES;
				CLANG_WARN_DEPRECATED_OBJC_IMPLEMENTATIONS = YES;
				CLANG_WARN_DIRECT_OBJC_ISA_USAGE = YES_ERROR;
				CLANG_WARN_DOCUMENTATION_COMMENTS = YES;
				CLANG_WARN_EMPTY_BODY = YES;
				CLANG_WARN_ENUM_CONVERSION = YES;
				CLANG_WARN_INFINITE_RECURSION = YES;
				CLANG_WARN_INT_CONVERSION = YES;
				CLANG_WARN_NON_LITERAL_NULL_CONVERSION = YES;
				CLANG_WARN_OBJC_IMPLICIT_RETAIN_SELF = YES;
				CLANG_WARN_OBJC_LITERAL_CONVERSION = YES;
				CLANG_WARN_OBJC_ROOT_CLASS = YES_ERROR;
				CLANG_WARN_QUOTED_INCLUDE_IN_FRAMEWORK_HEADER = YES;
				CLANG_WARN_RANGE_LOOP_ANALYSIS = YES;
				CLANG_WARN_STRICT_PROTOTYPES = YES;
				CLANG_WARN_SUSPICIOUS_MOVE = YES;
				CLANG_WARN_UNGUARDED_AVAILABILITY = YES_AGGRESSIVE;
				CLANG_WARN_UNREACHABLE_CODE = YES;
				CLANG_WARN__DUPLICATE_METHOD_MATCH = YES;
				COPY_PHASE_STRIP = NO;
				DEBUG_INFORMATION_FORMAT = dwarf;
				ENABLE_STRICT_OBJC_MSGSEND = YES;
				ENABLE_TESTABILITY = YES;
				GCC_C_LANGUAGE_STANDARD = gnu11;
				GCC_DYNAMIC_NO_PIC = NO;
				GCC_NO_COMMON_BLOCKS = YES;
				GCC_OPTIMIZATION_LEVEL = 0;
				GCC_PREPROCESSOR_DEFINITIONS = (
					"DEBUG=1",
					"$(inherited)",
				);
				GCC_WARN_64_TO_32_BIT_CONVERSION = YES;
				GCC_WARN_ABOUT_RETURN_TYPE = YES_ERROR;
				GCC_WARN_UNDECLARED_SELECTOR = YES;
				GCC_WARN_UNINITIALIZED_AUTOS = YES_AGGRESSIVE;
				GCC_WARN_UNUSED_FUNCTION = YES;
				GCC_WARN_UNUSED_VARIABLE = YES;
				IPHONEOS_DEPLOYMENT_TARGET = 14.5;
				MTL_ENABLE_DEBUG_INFO = INCLUDE_SOURCE;
				MTL_FAST_MATH = YES;
				ONLY_ACTIVE_ARCH = YES;
				SDKROOT = iphoneos;
				SWIFT_ACTIVE_COMPILATION_CONDITIONS = DEBUG;
				SWIFT_OPTIMIZATION_LEVEL = "-Onone";
			};
			name = Debug;
		};
		BD4685B126F1571F00AD1420 /* Release */ = {
			isa = XCBuildConfiguration;
			buildSettings = {
				ALWAYS_SEARCH_USER_PATHS = NO;
				CLANG_ANALYZER_NONNULL = YES;
				CLANG_ANALYZER_NUMBER_OBJECT_CONVERSION = YES_AGGRESSIVE;
				CLANG_CXX_LANGUAGE_STANDARD = "gnu++14";
				CLANG_CXX_LIBRARY = "libc++";
				CLANG_ENABLE_MODULES = YES;
				CLANG_ENABLE_OBJC_ARC = YES;
				CLANG_ENABLE_OBJC_WEAK = YES;
				CLANG_WARN_BLOCK_CAPTURE_AUTORELEASING = YES;
				CLANG_WARN_BOOL_CONVERSION = YES;
				CLANG_WARN_COMMA = YES;
				CLANG_WARN_CONSTANT_CONVERSION = YES;
				CLANG_WARN_DEPRECATED_OBJC_IMPLEMENTATIONS = YES;
				CLANG_WARN_DIRECT_OBJC_ISA_USAGE = YES_ERROR;
				CLANG_WARN_DOCUMENTATION_COMMENTS = YES;
				CLANG_WARN_EMPTY_BODY = YES;
				CLANG_WARN_ENUM_CONVERSION = YES;
				CLANG_WARN_INFINITE_RECURSION = YES;
				CLANG_WARN_INT_CONVERSION = YES;
				CLANG_WARN_NON_LITERAL_NULL_CONVERSION = YES;
				CLANG_WARN_OBJC_IMPLICIT_RETAIN_SELF = YES;
				CLANG_WARN_OBJC_LITERAL_CONVERSION = YES;
				CLANG_WARN_OBJC_ROOT_CLASS = YES_ERROR;
				CLANG_WARN_QUOTED_INCLUDE_IN_FRAMEWORK_HEADER = YES;
				CLANG_WARN_RANGE_LOOP_ANALYSIS = YES;
				CLANG_WARN_STRICT_PROTOTYPES = YES;
				CLANG_WARN_SUSPICIOUS_MOVE = YES;
				CLANG_WARN_UNGUARDED_AVAILABILITY = YES_AGGRESSIVE;
				CLANG_WARN_UNREACHABLE_CODE = YES;
				CLANG_WARN__DUPLICATE_METHOD_MATCH = YES;
				COPY_PHASE_STRIP = NO;
				DEBUG_INFORMATION_FORMAT = "dwarf-with-dsym";
				ENABLE_NS_ASSERTIONS = NO;
				ENABLE_STRICT_OBJC_MSGSEND = YES;
				GCC_C_LANGUAGE_STANDARD = gnu11;
				GCC_NO_COMMON_BLOCKS = YES;
				GCC_WARN_64_TO_32_BIT_CONVERSION = YES;
				GCC_WARN_ABOUT_RETURN_TYPE = YES_ERROR;
				GCC_WARN_UNDECLARED_SELECTOR = YES;
				GCC_WARN_UNINITIALIZED_AUTOS = YES_AGGRESSIVE;
				GCC_WARN_UNUSED_FUNCTION = YES;
				GCC_WARN_UNUSED_VARIABLE = YES;
				IPHONEOS_DEPLOYMENT_TARGET = 14.5;
				MTL_ENABLE_DEBUG_INFO = NO;
				MTL_FAST_MATH = YES;
				SDKROOT = iphoneos;
				SWIFT_COMPILATION_MODE = wholemodule;
				SWIFT_OPTIMIZATION_LEVEL = "-O";
				VALIDATE_PRODUCT = YES;
			};
			name = Release;
		};
		BD4685B326F1571F00AD1420 /* Debug */ = {
			isa = XCBuildConfiguration;
			buildSettings = {
				ASSETCATALOG_COMPILER_APPICON_NAME = AppIcon;
				ASSETCATALOG_COMPILER_GLOBAL_ACCENT_COLOR_NAME = AccentColor;
				CODE_SIGN_STYLE = Automatic;
				DEVELOPMENT_TEAM = 387DK82TXR;
				INFOPLIST_FILE = CityGuide/Info.plist;
				LD_RUNPATH_SEARCH_PATHS = (
					"$(inherited)",
					"@executable_path/Frameworks",
				);
				PRODUCT_BUNDLE_IDENTIFIER = "Taha-Hasan-Syed.CityGuide";
				PRODUCT_NAME = "$(TARGET_NAME)";
				SWIFT_VERSION = 5.0;
				TARGETED_DEVICE_FAMILY = "1,2";
			};
			name = Debug;
		};
		BD4685B426F1571F00AD1420 /* Release */ = {
			isa = XCBuildConfiguration;
			buildSettings = {
				ASSETCATALOG_COMPILER_APPICON_NAME = AppIcon;
				ASSETCATALOG_COMPILER_GLOBAL_ACCENT_COLOR_NAME = AccentColor;
				CODE_SIGN_STYLE = Automatic;
				DEVELOPMENT_TEAM = 387DK82TXR;
				INFOPLIST_FILE = CityGuide/Info.plist;
				LD_RUNPATH_SEARCH_PATHS = (
					"$(inherited)",
					"@executable_path/Frameworks",
				);
				PRODUCT_BUNDLE_IDENTIFIER = "Taha-Hasan-Syed.CityGuide";
				PRODUCT_NAME = "$(TARGET_NAME)";
				SWIFT_VERSION = 5.0;
				TARGETED_DEVICE_FAMILY = "1,2";
			};
			name = Release;
		};
		BD4685B626F1571F00AD1420 /* Debug */ = {
			isa = XCBuildConfiguration;
			buildSettings = {
				ALWAYS_EMBED_SWIFT_STANDARD_LIBRARIES = YES;
				BUNDLE_LOADER = "$(TEST_HOST)";
				CODE_SIGN_STYLE = Automatic;
				INFOPLIST_FILE = CityGuideTests/Info.plist;
				IPHONEOS_DEPLOYMENT_TARGET = 14.5;
				LD_RUNPATH_SEARCH_PATHS = (
					"$(inherited)",
					"@executable_path/Frameworks",
					"@loader_path/Frameworks",
				);
				PRODUCT_BUNDLE_IDENTIFIER = "Taha-Hasan-Syed.CityGuideTests";
				PRODUCT_NAME = "$(TARGET_NAME)";
				SWIFT_VERSION = 5.0;
				TARGETED_DEVICE_FAMILY = "1,2";
				TEST_HOST = "$(BUILT_PRODUCTS_DIR)/CityGuide.app/CityGuide";
			};
			name = Debug;
		};
		BD4685B726F1571F00AD1420 /* Release */ = {
			isa = XCBuildConfiguration;
			buildSettings = {
				ALWAYS_EMBED_SWIFT_STANDARD_LIBRARIES = YES;
				BUNDLE_LOADER = "$(TEST_HOST)";
				CODE_SIGN_STYLE = Automatic;
				INFOPLIST_FILE = CityGuideTests/Info.plist;
				IPHONEOS_DEPLOYMENT_TARGET = 14.5;
				LD_RUNPATH_SEARCH_PATHS = (
					"$(inherited)",
					"@executable_path/Frameworks",
					"@loader_path/Frameworks",
				);
				PRODUCT_BUNDLE_IDENTIFIER = "Taha-Hasan-Syed.CityGuideTests";
				PRODUCT_NAME = "$(TARGET_NAME)";
				SWIFT_VERSION = 5.0;
				TARGETED_DEVICE_FAMILY = "1,2";
				TEST_HOST = "$(BUILT_PRODUCTS_DIR)/CityGuide.app/CityGuide";
			};
			name = Release;
		};
		BD4685B926F1571F00AD1420 /* Debug */ = {
			isa = XCBuildConfiguration;
			buildSettings = {
				ALWAYS_EMBED_SWIFT_STANDARD_LIBRARIES = YES;
				CODE_SIGN_STYLE = Automatic;
				INFOPLIST_FILE = CityGuideUITests/Info.plist;
				LD_RUNPATH_SEARCH_PATHS = (
					"$(inherited)",
					"@executable_path/Frameworks",
					"@loader_path/Frameworks",
				);
				PRODUCT_BUNDLE_IDENTIFIER = "Taha-Hasan-Syed.CityGuideUITests";
				PRODUCT_NAME = "$(TARGET_NAME)";
				SWIFT_VERSION = 5.0;
				TARGETED_DEVICE_FAMILY = "1,2";
				TEST_TARGET_NAME = CityGuide;
			};
			name = Debug;
		};
		BD4685BA26F1571F00AD1420 /* Release */ = {
			isa = XCBuildConfiguration;
			buildSettings = {
				ALWAYS_EMBED_SWIFT_STANDARD_LIBRARIES = YES;
				CODE_SIGN_STYLE = Automatic;
				INFOPLIST_FILE = CityGuideUITests/Info.plist;
				LD_RUNPATH_SEARCH_PATHS = (
					"$(inherited)",
					"@executable_path/Frameworks",
					"@loader_path/Frameworks",
				);
				PRODUCT_BUNDLE_IDENTIFIER = "Taha-Hasan-Syed.CityGuideUITests";
				PRODUCT_NAME = "$(TARGET_NAME)";
				SWIFT_VERSION = 5.0;
				TARGETED_DEVICE_FAMILY = "1,2";
				TEST_TARGET_NAME = CityGuide;
			};
			name = Release;
		};
/* End XCBuildConfiguration section */

/* Begin XCConfigurationList section */
		BD46858326F1571A00AD1420 /* Build configuration list for PBXProject "CityGuide" */ = {
			isa = XCConfigurationList;
			buildConfigurations = (
				BD4685B026F1571F00AD1420 /* Debug */,
				BD4685B126F1571F00AD1420 /* Release */,
			);
			defaultConfigurationIsVisible = 0;
			defaultConfigurationName = Release;
		};
		BD4685B226F1571F00AD1420 /* Build configuration list for PBXNativeTarget "CityGuide" */ = {
			isa = XCConfigurationList;
			buildConfigurations = (
				BD4685B326F1571F00AD1420 /* Debug */,
				BD4685B426F1571F00AD1420 /* Release */,
			);
			defaultConfigurationIsVisible = 0;
			defaultConfigurationName = Release;
		};
		BD4685B526F1571F00AD1420 /* Build configuration list for PBXNativeTarget "CityGuideTests" */ = {
			isa = XCConfigurationList;
			buildConfigurations = (
				BD4685B626F1571F00AD1420 /* Debug */,
				BD4685B726F1571F00AD1420 /* Release */,
			);
			defaultConfigurationIsVisible = 0;
			defaultConfigurationName = Release;
		};
		BD4685B826F1571F00AD1420 /* Build configuration list for PBXNativeTarget "CityGuideUITests" */ = {
			isa = XCConfigurationList;
			buildConfigurations = (
				BD4685B926F1571F00AD1420 /* Debug */,
				BD4685BA26F1571F00AD1420 /* Release */,
			);
			defaultConfigurationIsVisible = 0;
			defaultConfigurationName = Release;
		};
/* End XCConfigurationList section */
	};
	rootObject = BD46858026F1571A00AD1420 /* Project object */;
}
